<?xml version="1.0" encoding="utf-8"?>
<Project ToolsVersion="4.0" xmlns="http://schemas.microsoft.com/developer/msbuild/2003">
  <ItemGroup>
    <Filter Include="Source Files">
      <UniqueIdentifier>{4FC737F1-C7A5-4376-A066-2A32D752A2FF}</UniqueIdentifier>
      <Extensions>cpp;c;cc;cxx;c++;cppm;ixx;def;odl;idl;hpj;bat;asm;asmx</Extensions>
    </Filter>
    <Filter Include="Header Files">
      <UniqueIdentifier>{93995380-89BD-4b04-88EB-625FBE52EBFB}</UniqueIdentifier>
      <Extensions>h;hh;hpp;hxx;h++;hm;inl;inc;ipp;xsd</Extensions>
    </Filter>
    <Filter Include="Resource Files">
      <UniqueIdentifier>{67DA6AB6-F800-4c08-8B7A-83BB121AAD01}</UniqueIdentifier>
      <Extensions>rc;ico;cur;bmp;dlg;rc2;rct;bin;rgs;gif;jpg;jpeg;jpe;resx;tiff;tif;png;wav;mfcribbon-ms</Extensions>
    </Filter>
    <Filter Include="Source Files\ImGUI">
      <UniqueIdentifier>{9eb31843-bf47-477c-bd26-f35a6390dcd5}</UniqueIdentifier>
    </Filter>
    <Filter Include="Source Files\ThirdParty">
      <UniqueIdentifier>{7ab7dae8-5bad-4d0c-96ed-dcfd14b1f179}</UniqueIdentifier>
    </Filter>
    <Filter Include="Header Files\Noise">
      <UniqueIdentifier>{ed725bed-f5f9-4263-b0b8-1db5f9fa9839}</UniqueIdentifier>
    </Filter>
    <Filter Include="Header Files\Core">
      <UniqueIdentifier>{058305b2-7c3e-4e81-897e-48eb7e667036}</UniqueIdentifier>
    </Filter>
    <Filter Include="Header Files\Renderer">
      <UniqueIdentifier>{a04b91b8-e905-4578-8ea9-a6c4e4e8077f}</UniqueIdentifier>
    </Filter>
    <Filter Include="Header Files\Terrain">
      <UniqueIdentifier>{b71f3f83-8f54-47ce-9bbb-6ad73b5dd376}</UniqueIdentifier>
    </Filter>
    <Filter Include="Source Files\Core">
      <UniqueIdentifier>{acd22d1c-e11f-4779-9c2c-027b039d7ed7}</UniqueIdentifier>
    </Filter>
    <Filter Include="Source Files\Terrain">
      <UniqueIdentifier>{6f22d874-8722-4b37-9c00-5fffbd90493e}</UniqueIdentifier>
    </Filter>
    <Filter Include="Source Files\Noise">
      <UniqueIdentifier>{acce894a-2698-44d8-85ac-460b6251d28a}</UniqueIdentifier>
    </Filter>
    <Filter Include="Source Files\Renderer">
      <UniqueIdentifier>{21ef1450-2323-411d-bc97-9262d80820a4}</UniqueIdentifier>
    </Filter>
    <Filter Include="Resource Files\Shaders">
      <UniqueIdentifier>{cac855a1-9e66-4fe3-b905-741ee2097eb3}</UniqueIdentifier>
    </Filter>
  </ItemGroup>
  <ItemGroup>
    <ClCompile Include="src\main.cpp">
      <Filter>Source Files</Filter>
    </ClCompile>
    <ClCompile Include="thirdparty\stb\stb.cpp">
      <Filter>Source Files\ThirdParty</Filter>
    </ClCompile>
    <ClCompile Include="thirdparty\glad\glad.c">
      <Filter>Source Files\ThirdParty</Filter>
    </ClCompile>
    <ClCompile Include="thirdparty\imgui\imgui_draw.cpp">
      <Filter>Source Files\ImGUI</Filter>
    </ClCompile>
    <ClCompile Include="thirdparty\imgui\imgui_impl_glfw.cpp">
      <Filter>Source Files\ImGUI</Filter>
    </ClCompile>
    <ClCompile Include="thirdparty\imgui\imgui_impl_opengl3.cpp">
      <Filter>Source Files\ImGUI</Filter>
    </ClCompile>
    <ClCompile Include="thirdparty\imgui\imgui_tables.cpp">
      <Filter>Source Files\ImGUI</Filter>
    </ClCompile>
    <ClCompile Include="thirdparty\imgui\imgui_widgets.cpp">
      <Filter>Source Files\ImGUI</Filter>
    </ClCompile>
    <ClCompile Include="thirdparty\imgui\imgui.cpp">
      <Filter>Source Files\ImGUI</Filter>
    </ClCompile>
    <ClCompile Include="thirdparty\imgui\imgui_demo.cpp">
      <Filter>Source Files\ImGUI</Filter>
    </ClCompile>
    <ClCompile Include="src\noise\perlinnoise.cpp">
      <Filter>Source Files\Noise</Filter>
    </ClCompile>
    <ClCompile Include="src\core\camera.cpp">
      <Filter>Source Files\Core</Filter>
    </ClCompile>
    <ClCompile Include="src\renderer\mesh.cpp">
      <Filter>Source Files\Renderer</Filter>
    </ClCompile>
    <ClCompile Include="src\renderer\shader.cpp">
      <Filter>Source Files\Renderer</Filter>
    </ClCompile>
    <ClCompile Include="src\terrain\terraingenerator.cpp">
      <Filter>Source Files\Terrain</Filter>
    </ClCompile>
    <ClCompile Include="src\core\window.cpp">
      <Filter>Source Files\Core</Filter>
    </ClCompile>
    <ClCompile Include="src\renderer\scene.cpp">
      <Filter>Source Files\Core</Filter>
    </ClCompile>
  </ItemGroup>
  <ItemGroup>
    <ClInclude Include="include\noise\INoise.h">
      <Filter>Header Files\Noise</Filter>
    </ClInclude>
    <ClInclude Include="include\noise\perlinnoise.h">
      <Filter>Header Files\Noise</Filter>
    </ClInclude>
    <ClInclude Include="include\core\camera.h">
      <Filter>Header Files\Core</Filter>
    </ClInclude>
    <ClInclude Include="include\renderer\mesh.h">
      <Filter>Header Files\Renderer</Filter>
    </ClInclude>
    <ClInclude Include="include\renderer\shader.h">
      <Filter>Header Files\Renderer</Filter>
    </ClInclude>
    <ClInclude Include="include\terrain\terraingenerator.h">
      <Filter>Header Files\Terrain</Filter>
    </ClInclude>
    <ClInclude Include="include\core\window.h">
      <Filter>Header Files\Core</Filter>
    </ClInclude>
    <ClInclude Include="include\renderer\scene.h">
      <Filter>Header Files\Core</Filter>
    </ClInclude>
    <ClInclude Include="include\terrain\terrainconfig.h">
      <Filter>Header Files\Terrain</Filter>
    </ClInclude>
  </ItemGroup>
  <ItemGroup>
    <None Include="assets\shaders\fragment.glsl">
      <Filter>Resource Files\Shaders</Filter>
    </None>
    <None Include="assets\shaders\vertex.glsl">
      <Filter>Resource Files\Shaders</Filter>
    </None>
    <None Include="assets\shaders\depthFragment.glsl">
      <Filter>Resource Files\Shaders</Filter>
    </None>
    <None Include="assets\shaders\depthVertex.glsl">
      <Filter>Resource Files\Shaders</Filter>
    </None>
  </ItemGroup>
</Project>